
Microsoft Visual Studio Solution File, Format Version 12.00
# Visual Studio Version 17
VisualStudioVersion = 17.6.33815.320
MinimumVisualStudioVersion = 10.0.40219.1
Project("{FAE04EC0-301F-11D3-BF4B-00C04F79EFBC}") = "CRUD_using_SP", "CRUD_using_SP\CRUD_using_SP.csproj", "{921FD691-DF85-48DB-9C43-C414024A13DD}"
EndProject
Project("{2150E333-8FDC-42A3-9474-1A3956D46DE8}") = "Solution Items", "Solution Items", "{CF18CE1E-A1D4-42F8-8B27-F6B030807CAB}"
	ProjectSection(SolutionItems) = preProject
		.editorconfig = .editorconfig
	EndProjectSection
EndProject
Global
	GlobalSection(SolutionConfigurationPlatforms) = preSolution
		Debug|Any CPU = Debug|Any CPU
		Release|Any CPU = Release|Any CPU
	EndGlobalSection
	GlobalSection(ProjectConfigurationPlatforms) = postSolution
		{921FD691-DF85-48DB-9C43-C414024A13DD}.Debug|Any CPU.ActiveCfg = Debug|Any CPU
		{921FD691-DF85-48DB-9C43-C414024A13DD}.Debug|Any CPU.Build.0 = Debug|Any CPU
		{921FD691-DF85-48DB-9C43-C414024A13DD}.Release|Any CPU.ActiveCfg = Release|Any CPU
		{921FD691-DF85-48DB-9C43-C414024A13DD}.Release|Any CPU.Build.0 = Release|Any CPU
	EndGlobalSection
	GlobalSection(SolutionProperties) = preSolution
		HideSolutionNode = FALSE
	EndGlobalSection
	GlobalSection(ExtensibilityGlobals) = postSolution
		SolutionGuid = {4ABE1E10-CA71-47C4-87B4-0F2FDA3FA70B}
	EndGlobalSection
EndGlobal
